<?xml version="1.0" encoding="utf-8"?>
<Project ToolsVersion="4.0" xmlns="http://schemas.microsoft.com/developer/msbuild/2003">
  <ItemGroup>
    <Filter Include="Quelldateien">
      <UniqueIdentifier>{4FC737F1-C7A5-4376-A066-2A32D752A2FF}</UniqueIdentifier>
      <Extensions>cpp;c;cc;cxx;def;odl;idl;hpj;bat;asm;asmx</Extensions>
    </Filter>
    <Filter Include="Headerdateien">
      <UniqueIdentifier>{93995380-89BD-4b04-88EB-625FBE52EBFB}</UniqueIdentifier>
      <Extensions>h;hpp;hxx;hm;inl;inc;xsd</Extensions>
    </Filter>
    <Filter Include="Ressourcendateien">
      <UniqueIdentifier>{67DA6AB6-F800-4c08-8B7A-83BB121AAD01}</UniqueIdentifier>
      <Extensions>rc;ico;cur;bmp;dlg;rc2;rct;bin;rgs;gif;jpg;jpeg;jpe;resx;tiff;tif;png;wav;mfcribbon-ms</Extensions>
    </Filter>
    <Filter Include="Headerdateien\core">
      <UniqueIdentifier>{d37b4f33-405a-4f8e-aec9-eb9a0b12caad}</UniqueIdentifier>
    </Filter>
    <Filter Include="Quelldateien\core">
      <UniqueIdentifier>{d9e0247c-45e4-4b16-babb-1967bc3bcef0}</UniqueIdentifier>
    </Filter>
    <Filter Include="Headerdateien\core\renderer">
      <UniqueIdentifier>{f7e5f2e5-86e7-43eb-8a08-005fb1db452e}</UniqueIdentifier>
    </Filter>
    <Filter Include="Quelldateien\core\renderer">
      <UniqueIdentifier>{6b9de3cd-78b5-468d-8013-09c265e70b85}</UniqueIdentifier>
    </Filter>
    <Filter Include="Quelldateien\shader">
      <UniqueIdentifier>{ba579730-b71a-45dd-80e6-9434372e375a}</UniqueIdentifier>
    </Filter>
    <Filter Include="Quelldateien\core\shader">
      <UniqueIdentifier>{cdf2a752-bb46-4c1f-be2a-558d6d9fb1c9}</UniqueIdentifier>
    </Filter>
    <Filter Include="Headerdateien\core\shader">
      <UniqueIdentifier>{199401c7-35f4-49c7-9f33-66a7d39e3d9e}</UniqueIdentifier>
    </Filter>
    <Filter Include="Headerdateien\core\formats">
      <UniqueIdentifier>{13fea9e2-f446-49c2-affc-70d32bdeca14}</UniqueIdentifier>
    </Filter>
    <Filter Include="Quelldateien\core\formats">
      <UniqueIdentifier>{15bdda13-f57e-4806-a732-dd2e0c5091df}</UniqueIdentifier>
    </Filter>
    <Filter Include="Quelldateien\core\texture">
      <UniqueIdentifier>{2fdfa9da-3f2e-4151-8f7d-74bf744d405a}</UniqueIdentifier>
    </Filter>
    <Filter Include="Headerdateien\core\texture">
      <UniqueIdentifier>{9225ecd6-acb9-4f60-932d-b1434bc5ae79}</UniqueIdentifier>
    </Filter>
    <Filter Include="Headerdateien\core\collision">
      <UniqueIdentifier>{f8111f8a-6f7c-4fcb-9b4c-2a2a0982a3df}</UniqueIdentifier>
    </Filter>
    <Filter Include="Quelldateien\core\collision">
      <UniqueIdentifier>{487fa733-efce-47ca-ad29-938a35cd02ce}</UniqueIdentifier>
    </Filter>
    <Filter Include="Headerdateien\core\message">
      <UniqueIdentifier>{5d4b71fd-5f4a-41a7-9f87-d174f1300ba5}</UniqueIdentifier>
    </Filter>
    <Filter Include="Quelldateien\core\message">
      <UniqueIdentifier>{2701a6b0-11f4-4096-bfa3-42a4bc5753cc}</UniqueIdentifier>
    </Filter>
  </ItemGroup>
  <ItemGroup>
    <ClCompile Include="IntoXWindow.cpp">
      <Filter>Quelldateien\core</Filter>
    </ClCompile>
    <ClCompile Include="main.cpp">
      <Filter>Quelldateien\core</Filter>
    </ClCompile>
    <ClCompile Include="OpenGLHelper.cpp">
      <Filter>Quelldateien\core</Filter>
    </ClCompile>
    <ClCompile Include="DebugLog.cpp">
      <Filter>Quelldateien\core</Filter>
    </ClCompile>
    <ClCompile Include="Model.cpp">
      <Filter>Quelldateien\core</Filter>
    </ClCompile>
    <ClCompile Include="Loader.cpp">
      <Filter>Quelldateien\core</Filter>
    </ClCompile>
    <ClCompile Include="ShaderProgram.cpp">
      <Filter>Quelldateien\core\shader</Filter>
    </ClCompile>
    <ClCompile Include="ShaderAttributeLocationBinder.cpp">
      <Filter>Quelldateien\core\shader</Filter>
    </ClCompile>
    <ClCompile Include="FileHelper.cpp">
      <Filter>Quelldateien\core</Filter>
    </ClCompile>
    <ClCompile Include="Camera.cpp">
      <Filter>Quelldateien\core</Filter>
    </ClCompile>
    <ClCompile Include="MathHelper.cpp">
      <Filter>Quelldateien\core</Filter>
    </ClCompile>
    <ClCompile Include="Entity.cpp">
      <Filter>Quelldateien\core</Filter>
    </ClCompile>
    <ClCompile Include="Texture.cpp">
      <Filter>Quelldateien\core\texture</Filter>
    </ClCompile>
    <ClCompile Include="AABB.cpp">
      <Filter>Quelldateien\core\collision</Filter>
    </ClCompile>
    <ClCompile Include="Frustrum.cpp">
      <Filter>Quelldateien\core</Filter>
    </ClCompile>
    <ClCompile Include="OpenGLRenderContext.cpp">
      <Filter>Quelldateien</Filter>
    </ClCompile>
    <ClCompile Include="OpenGLMasterRenderer.cpp">
      <Filter>Quelldateien\core\renderer</Filter>
    </ClCompile>
    <ClCompile Include="Engine.cpp">
      <Filter>Quelldateien</Filter>
    </ClCompile>
    <ClCompile Include="Message.cpp">
      <Filter>Quelldateien\core\message</Filter>
    </ClCompile>
    <ClCompile Include="IMessageHandler.cpp">
      <Filter>Quelldateien\core</Filter>
    </ClCompile>
    <ClCompile Include="IOpenGLRenderer.cpp">
      <Filter>Quelldateien</Filter>
    </ClCompile>
  </ItemGroup>
  <ItemGroup>
    <ClInclude Include="stdfax.h">
      <Filter>Headerdateien</Filter>
    </ClInclude>
    <ClInclude Include="IntoXWindow.h">
      <Filter>Headerdateien\core</Filter>
    </ClInclude>
    <ClInclude Include="KeyboardHandler.h">
      <Filter>Headerdateien\core</Filter>
    </ClInclude>
    <ClInclude Include="DebugLog.h">
      <Filter>Headerdateien\core</Filter>
    </ClInclude>
    <ClInclude Include="WindowEventHandler.h">
      <Filter>Headerdateien\core</Filter>
    </ClInclude>
    <ClInclude Include="Model.h">
      <Filter>Headerdateien\core</Filter>
    </ClInclude>
    <ClInclude Include="Loader.h">
      <Filter>Headerdateien\core</Filter>
    </ClInclude>
    <ClInclude Include="ShaderProgram.h">
      <Filter>Headerdateien\core\shader</Filter>
    </ClInclude>
    <ClInclude Include="ShaderAttributeLocationBinder.h">
      <Filter>Headerdateien\core\shader</Filter>
    </ClInclude>
    <ClInclude Include="FileHelper.h">
      <Filter>Headerdateien\core</Filter>
    </ClInclude>
    <ClInclude Include="Camera.h">
      <Filter>Headerdateien\core</Filter>
    </ClInclude>
    <ClInclude Include="MathHelper.h">
      <Filter>Headerdateien\core</Filter>
    </ClInclude>
    <ClInclude Include="Entity.h">
      <Filter>Headerdateien\core</Filter>
    </ClInclude>
    <ClInclude Include="OpenGLHelper.h">
      <Filter>Quelldateien\core\formats</Filter>
    </ClInclude>
    <ClInclude Include="Texture.h">
      <Filter>Headerdateien\core\texture</Filter>
    </ClInclude>
    <ClInclude Include="AABB.h">
      <Filter>Headerdateien\core\collision</Filter>
    </ClInclude>
    <ClInclude Include="Frustrum.h">
      <Filter>Headerdateien\core</Filter>
    </ClInclude>
    <ClInclude Include="OpenGLRenderContext.h">
      <Filter>Headerdateien</Filter>
    </ClInclude>
    <ClInclude Include="OpenGLMasterRenderer.h">
      <Filter>Headerdateien\core\renderer</Filter>
    </ClInclude>
    <ClInclude Include="Engine.h">
      <Filter>Headerdateien\core</Filter>
    </ClInclude>
    <ClInclude Include="Message.h">
      <Filter>Headerdateien\core\message</Filter>
    </ClInclude>
    <ClInclude Include="IMessageHandler.h">
      <Filter>Headerdateien</Filter>
    </ClInclude>
    <ClInclude Include="SDLEventManager.h">
      <Filter>Headerdateien\core</Filter>
    </ClInclude>
    <ClInclude Include="IOpenGLRenderer.h">
      <Filter>Headerdateien</Filter>
    </ClInclude>
    <ClInclude Include="KeyMessage.h">
      <Filter>Headerdateien\core\message</Filter>
    </ClInclude>
  </ItemGroup>
  <ItemGroup>
    <Text Include="Readme.txt" />
  </ItemGroup>
  <ItemGroup>
    <None Include="VertexShader.glsl">
      <Filter>Quelldateien\shader</Filter>
    </None>
    <None Include="FragmentShader.glsl">
      <Filter>Quelldateien\shader</Filter>
    </None>
  </ItemGroup>
</Project>